
Microsoft Visual Studio Solution File, Format Version 12.00
# Visual Studio Version 17
VisualStudioVersion = 17.3.32825.248
MinimumVisualStudioVersion = 10.0.40219.1
Project("{8BC9CEB8-8B4A-11D0-8D11-00A0C91BC942}") = "siaod_sem3_pr5_part2", "siaod_sem3_pr5_part2\siaod_sem3_pr5_part2.vcxproj", "{3C1F203D-3596-457F-8705-966670C349E5}"
EndProject
Global
	GlobalSection(SolutionConfigurationPlatforms) = preSolution
		Debug|x64 = Debug|x64
		Debug|x86 = Debug|x86
		Release|x64 = Release|x64
		Release|x86 = Release|x86
	EndGlobalSection
	GlobalSection(ProjectConfigurationPlatforms) = postSolution
		{3C1F203D-3596-457F-8705-966670C349E5}.Debug|x64.ActiveCfg = Debug|x64
		{3C1F203D-3596-457F-8705-966670C349E5}.Debug|x64.Build.0 = Debug|x64
		{3C1F203D-3596-457F-8705-966670C349E5}.Debug|x86.ActiveCfg = Debug|Win32
		{3C1F203D-3596-457F-8705-966670C349E5}.Debug|x86.Build.0 = Debug|Win32
		{3C1F203D-3596-457F-8705-966670C349E5}.Release|x64.ActiveCfg = Release|x64
		{3C1F203D-3596-457F-8705-966670C349E5}.Release|x64.Build.0 = Release|x64
		{3C1F203D-3596-457F-8705-966670C349E5}.Release|x86.ActiveCfg = Release|Win32
		{3C1F203D-3596-457F-8705-966670C349E5}.Release|x86.Build.0 = Release|Win32
	EndGlobalSection
	GlobalSection(SolutionProperties) = preSolution
		HideSolutionNode = FALSE
	EndGlobalSection
	GlobalSection(ExtensibilityGlobals) = postSolution
		SolutionGuid = {9F5D3145-AD0C-4CE0-959B-6CC725EF2DDF}
	EndGlobalSection
EndGlobal
